{
  "version": 4,
  "terraform_version": "1.11.4",
  "serial": 99,
  "lineage": "983a6de7-4c12-ea92-a83e-f97cde07a68b",
  "outputs": {},
  "resources": [
    {
      "mode": "managed",
      "type": "openstack_compute_instance_v2",
      "name": "EC2_Frontend",
      "provider": "provider[\"registry.terraform.io/terraform-provider-openstack/openstack\"]",
      "instances": [
        {
          "schema_version": 0,
          "attributes": {
            "access_ip_v4": "100.68.31.11",
            "access_ip_v6": "[2001:690:2139:20f7:f816:3eff:fe2b:bfd4]",
            "admin_pass": null,
            "all_metadata": {},
            "all_tags": [],
            "availability_zone": "zone1",
            "availability_zone_hints": null,
            "block_device": [],
            "config_drive": null,
            "created": "2025-05-16 09:25:58 +0000 UTC",
            "flavor_id": "2",
            "flavor_name": "t1.small",
            "force_delete": false,
            "id": "e63ee107-9ca5-4d43-a2c8-9332f84d16a3",
            "image_id": "61e1d887-50a3-4dc1-bb82-cf96e1870815",
            "image_name": "Debian-Bullseye-Latest",
            "key_pair": "ines-key1",
            "metadata": null,
            "name": "EC_Frontend",
            "network": [
              {
                "access_network": false,
                "fixed_ip_v4": "100.68.31.11",
                "fixed_ip_v6": "[2001:690:2139:20f7:f816:3eff:fe2b:bfd4]",
                "mac": "fa:16:3e:2b:bf:d4",
                "name": "n-iac-pic",
                "port": "",
                "uuid": ""
              }
            ],
            "network_mode": null,
            "personality": [],
            "power_state": "active",
            "region": "RegionT",
            "scheduler_hints": [],
            "security_groups": [
              "EC_frontend"
            ],
            "stop_before_destroy": false,
            "tags": null,
            "timeouts": null,
            "updated": "2025-05-16 09:26:10 +0000 UTC",
            "user_data": "1c0896ed4ba7fe2d1f17e397cb472aa50bb765fd",
            "vendor_options": []
          },
          "sensitive_attributes": [
            [
              {
                "type": "get_attr",
                "value": "admin_pass"
              }
            ]
          ],
          "private": "eyJlMmJmYjczMC1lY2FhLTExZTYtOGY4OC0zNDM2M2JjN2M0YzAiOnsiY3JlYXRlIjoxODAwMDAwMDAwMDAwLCJkZWxldGUiOjE4MDAwMDAwMDAwMDAsInVwZGF0ZSI6MTgwMDAwMDAwMDAwMH19",
          "dependencies": [
            "openstack_compute_keypair_v2.keypair1",
            "openstack_networking_secgroup_v2.EC_frontend"
          ]
        }
      ]
    },
    {
      "mode": "managed",
      "type": "openstack_compute_instance_v2",
      "name": "api_server",
      "provider": "provider[\"registry.terraform.io/terraform-provider-openstack/openstack\"]",
      "instances": [
        {
          "schema_version": 0,
          "attributes": {
            "access_ip_v4": "100.68.31.20",
            "access_ip_v6": "[2001:690:2139:20f7:f816:3eff:fe46:a66]",
            "admin_pass": null,
            "all_metadata": {},
            "all_tags": [],
            "availability_zone": "zone1",
            "availability_zone_hints": null,
            "block_device": [],
            "config_drive": null,
            "created": "2025-05-16 09:25:59 +0000 UTC",
            "flavor_id": "2",
            "flavor_name": "t1.small",
            "force_delete": false,
            "id": "c2e292fa-5a9e-48fd-8d3e-855009bc28dc",
            "image_id": "61e1d887-50a3-4dc1-bb82-cf96e1870815",
            "image_name": "Debian-Bullseye-Latest",
            "key_pair": "ines-key1",
            "metadata": null,
            "name": "E-Commerce - Backend",
            "network": [
              {
                "access_network": false,
                "fixed_ip_v4": "100.68.31.20",
                "fixed_ip_v6": "[2001:690:2139:20f7:f816:3eff:fe46:a66]",
                "mac": "fa:16:3e:46:0a:66",
                "name": "n-iac-pic",
                "port": "",
                "uuid": ""
              }
            ],
            "network_mode": null,
            "personality": [],
            "power_state": "active",
            "region": "RegionT",
            "scheduler_hints": [],
            "security_groups": [
              "ServerEC_Backend"
            ],
            "stop_before_destroy": false,
            "tags": null,
            "timeouts": null,
            "updated": "2025-05-16 09:26:11 +0000 UTC",
            "user_data": "1aba947bb9e6db68c9ab039a62fee291ee56da34",
            "vendor_options": []
          },
          "sensitive_attributes": [
            [
              {
                "type": "get_attr",
                "value": "admin_pass"
              }
            ]
          ],
          "private": "eyJlMmJmYjczMC1lY2FhLTExZTYtOGY4OC0zNDM2M2JjN2M0YzAiOnsiY3JlYXRlIjoxODAwMDAwMDAwMDAwLCJkZWxldGUiOjE4MDAwMDAwMDAwMDAsInVwZGF0ZSI6MTgwMDAwMDAwMDAwMH19",
          "dependencies": [
            "openstack_compute_keypair_v2.keypair1",
            "openstack_networking_secgroup_v2.ServerEC_Backend"
          ]
        }
      ]
    },
    {
      "mode": "managed",
      "type": "openstack_compute_keypair_v2",
      "name": "keypair1",
      "provider": "provider[\"registry.terraform.io/terraform-provider-openstack/openstack\"]",
      "instances": [
        {
          "schema_version": 0,
          "attributes": {
            "fingerprint": "bd:73:30:6d:b4:33:b9:dc:44:23:0c:d7:eb:5d:73:82",
            "id": "ines-key1",
            "name": "ines-key1",
            "private_key": "",
            "public_key": "ssh-rsa AAAAB3NzaC1yc2EAAAADAQABAAACAQCvD0gzdauFdyMZcjjXqJ8O9DPvDISjTD0VUs7Ui2MrFNSdAZwZn6G4QgT5Hr9l4g2TM4enaB8y9jn6N/A/zLHl3rQFwAy3XaClYOtE9+K8/cGUn3erzbJ2COOxnT2blThSfeky+v6l76zNYGA05I9+XlBPibnN3uqvO+ogKiAaLTKe+wM8vbdFrp+1LaDmloDLz1EOtIl/YMKmjv4kSVV7NZi9pX3ASlHOQcWaqcfapehAr7Yb0unOsbygqANj8ovDHarZJ1i4AeMsiMYcwuYxAfZT7CSa4e48AMbcc7hn75pLUkMLN8EkwbWZ6Ib9rm7fYSSlWWO5luzgbGCD5CoD8/0jqF7UlTakgQWsuwxlc/gctrH9SPTFTAcYcLTD+ZUbfmePZC98yAqrWUqiB39IAheSEJvGb4bUPwRjjdZ3Z+eIUpDdiQBy4tAoRvDnjEKcmosEcENtEmC/o19UhMpLOtiZyJHelKZdbW375gGQ4aFRt01TAcsIvIIdvO7wzPzpIwJPBHhUwkb9DDDjLwPuUx9eQn3J5O9HltJdhALzoWPZhp8PSVeFRkDQa2ZPWL7Yas0BoRM95/7zBETOFsu2ok6Fjbs1YAGgU8PSHKgVz1or2qnFiGLzm5Od+AMLLvJH8jv+X9x6v17YAIfB+lHuZYMClvwVNo+2COW4nDObnw== inesmribeiro4102@gmail.com\n",
            "region": "RegionT",
            "user_id": "",
            "value_specs": null
          },
          "sensitive_attributes": [
            [
              {
                "type": "get_attr",
                "value": "private_key"
              }
            ]
          ],
          "private": "bnVsbA=="
        }
      ]
    },
    {
      "mode": "managed",
      "type": "openstack_networking_secgroup_rule_v2",
      "name": "backend_db_ingress",
      "provider": "provider[\"registry.terraform.io/terraform-provider-openstack/openstack\"]",
      "instances": [
        {
          "schema_version": 0,
          "attributes": {
            "description": "",
            "direction": "ingress",
            "ethertype": "IPv4",
            "id": "03640e33-d158-43e5-8ff4-12cd92822e0f",
            "port_range_max": 5432,
            "port_range_min": 5432,
            "protocol": "tcp",
            "region": "RegionT",
            "remote_group_id": "",
            "remote_ip_prefix": "0.0.0.0/0",
            "security_group_id": "383a222a-c0a0-4336-91eb-6a729520e9e1",
            "tenant_id": "e3760c8456804a0481623553010c8a8a",
            "timeouts": null
          },
          "sensitive_attributes": [],
          "private": "eyJlMmJmYjczMC1lY2FhLTExZTYtOGY4OC0zNDM2M2JjN2M0YzAiOnsiZGVsZXRlIjo2MDAwMDAwMDAwMDB9fQ==",
          "dependencies": [
            "openstack_networking_secgroup_v2.ServerEC_Backend"
          ]
        }
      ]
    },
    {
      "mode": "managed",
      "type": "openstack_networking_secgroup_rule_v2",
      "name": "backend_http",
      "provider": "provider[\"registry.terraform.io/terraform-provider-openstack/openstack\"]",
      "instances": [
        {
          "schema_version": 0,
          "attributes": {
            "description": "",
            "direction": "ingress",
            "ethertype": "IPv4",
            "id": "65a49055-7d04-4071-855c-5016084edb10",
            "port_range_max": 5000,
            "port_range_min": 5000,
            "protocol": "tcp",
            "region": "RegionT",
            "remote_group_id": "",
            "remote_ip_prefix": "0.0.0.0/0",
            "security_group_id": "383a222a-c0a0-4336-91eb-6a729520e9e1",
            "tenant_id": "e3760c8456804a0481623553010c8a8a",
            "timeouts": null
          },
          "sensitive_attributes": [],
          "private": "eyJlMmJmYjczMC1lY2FhLTExZTYtOGY4OC0zNDM2M2JjN2M0YzAiOnsiZGVsZXRlIjo2MDAwMDAwMDAwMDB9fQ==",
          "dependencies": [
            "openstack_networking_secgroup_v2.ServerEC_Backend"
          ]
        }
      ]
    },
    {
      "mode": "managed",
      "type": "openstack_networking_secgroup_rule_v2",
      "name": "backend_icmp",
      "provider": "provider[\"registry.terraform.io/terraform-provider-openstack/openstack\"]",
      "instances": [
        {
          "schema_version": 0,
          "attributes": {
            "description": "",
            "direction": "ingress",
            "ethertype": "IPv4",
            "id": "fe231da3-49a0-4d4b-b319-8f9af145eac1",
            "port_range_max": 0,
            "port_range_min": 0,
            "protocol": "icmp",
            "region": "RegionT",
            "remote_group_id": "",
            "remote_ip_prefix": "0.0.0.0/0",
            "security_group_id": "383a222a-c0a0-4336-91eb-6a729520e9e1",
            "tenant_id": "e3760c8456804a0481623553010c8a8a",
            "timeouts": null
          },
          "sensitive_attributes": [],
          "private": "eyJlMmJmYjczMC1lY2FhLTExZTYtOGY4OC0zNDM2M2JjN2M0YzAiOnsiZGVsZXRlIjo2MDAwMDAwMDAwMDB9fQ==",
          "dependencies": [
            "openstack_networking_secgroup_v2.ServerEC_Backend"
          ]
        }
      ]
    },
    {
      "mode": "managed",
      "type": "openstack_networking_secgroup_rule_v2",
      "name": "backend_ssh",
      "provider": "provider[\"registry.terraform.io/terraform-provider-openstack/openstack\"]",
      "instances": [
        {
          "schema_version": 0,
          "attributes": {
            "description": "",
            "direction": "ingress",
            "ethertype": "IPv4",
            "id": "8812fad9-fda0-4971-9517-ec600439a6ee",
            "port_range_max": 22,
            "port_range_min": 22,
            "protocol": "tcp",
            "region": "RegionT",
            "remote_group_id": "",
            "remote_ip_prefix": "0.0.0.0/0",
            "security_group_id": "383a222a-c0a0-4336-91eb-6a729520e9e1",
            "tenant_id": "e3760c8456804a0481623553010c8a8a",
            "timeouts": null
          },
          "sensitive_attributes": [],
          "private": "eyJlMmJmYjczMC1lY2FhLTExZTYtOGY4OC0zNDM2M2JjN2M0YzAiOnsiZGVsZXRlIjo2MDAwMDAwMDAwMDB9fQ==",
          "dependencies": [
            "openstack_networking_secgroup_v2.ServerEC_Backend"
          ]
        }
      ]
    },
    {
      "mode": "managed",
      "type": "openstack_networking_secgroup_rule_v2",
      "name": "flask",
      "provider": "provider[\"registry.terraform.io/terraform-provider-openstack/openstack\"]",
      "instances": [
        {
          "schema_version": 0,
          "attributes": {
            "description": "",
            "direction": "ingress",
            "ethertype": "IPv4",
            "id": "46dee3e6-d6ca-4637-98bc-0d6461f2b11f",
            "port_range_max": 5000,
            "port_range_min": 5000,
            "protocol": "tcp",
            "region": "RegionT",
            "remote_group_id": "",
            "remote_ip_prefix": "0.0.0.0/0",
            "security_group_id": "b2810ac2-f45d-4c7e-81f8-454d615c6f2e",
            "tenant_id": "e3760c8456804a0481623553010c8a8a",
            "timeouts": null
          },
          "sensitive_attributes": [],
          "private": "eyJlMmJmYjczMC1lY2FhLTExZTYtOGY4OC0zNDM2M2JjN2M0YzAiOnsiZGVsZXRlIjo2MDAwMDAwMDAwMDB9fQ==",
          "dependencies": [
            "openstack_networking_secgroup_v2.EC_frontend"
          ]
        }
      ]
    },
    {
      "mode": "managed",
      "type": "openstack_networking_secgroup_rule_v2",
      "name": "http",
      "provider": "provider[\"registry.terraform.io/terraform-provider-openstack/openstack\"]",
      "instances": [
        {
          "schema_version": 0,
          "attributes": {
            "description": "",
            "direction": "ingress",
            "ethertype": "IPv4",
            "id": "ce3b381b-3c62-48e9-b3c2-c2e51dfbb294",
            "port_range_max": 80,
            "port_range_min": 80,
            "protocol": "tcp",
            "region": "RegionT",
            "remote_group_id": "",
            "remote_ip_prefix": "0.0.0.0/0",
            "security_group_id": "b2810ac2-f45d-4c7e-81f8-454d615c6f2e",
            "tenant_id": "e3760c8456804a0481623553010c8a8a",
            "timeouts": null
          },
          "sensitive_attributes": [],
          "private": "eyJlMmJmYjczMC1lY2FhLTExZTYtOGY4OC0zNDM2M2JjN2M0YzAiOnsiZGVsZXRlIjo2MDAwMDAwMDAwMDB9fQ==",
          "dependencies": [
            "openstack_networking_secgroup_v2.EC_frontend"
          ]
        }
      ]
    },
    {
      "mode": "managed",
      "type": "openstack_networking_secgroup_rule_v2",
      "name": "icmp",
      "provider": "provider[\"registry.terraform.io/terraform-provider-openstack/openstack\"]",
      "instances": [
        {
          "schema_version": 0,
          "attributes": {
            "description": "",
            "direction": "ingress",
            "ethertype": "IPv4",
            "id": "88fef046-57ef-4358-b404-f71b59067c3d",
            "port_range_max": 0,
            "port_range_min": 0,
            "protocol": "icmp",
            "region": "RegionT",
            "remote_group_id": "",
            "remote_ip_prefix": "0.0.0.0/0",
            "security_group_id": "b2810ac2-f45d-4c7e-81f8-454d615c6f2e",
            "tenant_id": "e3760c8456804a0481623553010c8a8a",
            "timeouts": null
          },
          "sensitive_attributes": [],
          "private": "eyJlMmJmYjczMC1lY2FhLTExZTYtOGY4OC0zNDM2M2JjN2M0YzAiOnsiZGVsZXRlIjo2MDAwMDAwMDAwMDB9fQ==",
          "dependencies": [
            "openstack_networking_secgroup_v2.EC_frontend"
          ]
        }
      ]
    },
    {
      "mode": "managed",
      "type": "openstack_networking_secgroup_rule_v2",
      "name": "ssh",
      "provider": "provider[\"registry.terraform.io/terraform-provider-openstack/openstack\"]",
      "instances": [
        {
          "schema_version": 0,
          "attributes": {
            "description": "",
            "direction": "ingress",
            "ethertype": "IPv4",
            "id": "3c408b75-230d-4c64-a44b-ce32768b0b07",
            "port_range_max": 22,
            "port_range_min": 22,
            "protocol": "tcp",
            "region": "RegionT",
            "remote_group_id": "",
            "remote_ip_prefix": "0.0.0.0/0",
            "security_group_id": "b2810ac2-f45d-4c7e-81f8-454d615c6f2e",
            "tenant_id": "e3760c8456804a0481623553010c8a8a",
            "timeouts": null
          },
          "sensitive_attributes": [],
          "private": "eyJlMmJmYjczMC1lY2FhLTExZTYtOGY4OC0zNDM2M2JjN2M0YzAiOnsiZGVsZXRlIjo2MDAwMDAwMDAwMDB9fQ==",
          "dependencies": [
            "openstack_networking_secgroup_v2.EC_frontend"
          ]
        }
      ]
    },
    {
      "mode": "managed",
      "type": "openstack_networking_secgroup_v2",
      "name": "EC_frontend",
      "provider": "provider[\"registry.terraform.io/terraform-provider-openstack/openstack\"]",
      "instances": [
        {
          "schema_version": 0,
          "attributes": {
            "all_tags": [],
            "delete_default_rules": null,
            "description": "Permitir HTTP, SSH, ICMP e Flask",
            "id": "b2810ac2-f45d-4c7e-81f8-454d615c6f2e",
            "name": "EC_frontend",
            "region": "RegionT",
            "stateful": false,
            "tags": null,
            "tenant_id": "e3760c8456804a0481623553010c8a8a",
            "timeouts": null
          },
          "sensitive_attributes": [],
          "private": "eyJlMmJmYjczMC1lY2FhLTExZTYtOGY4OC0zNDM2M2JjN2M0YzAiOnsiZGVsZXRlIjo2MDAwMDAwMDAwMDB9fQ=="
        }
      ]
    },
    {
      "mode": "managed",
      "type": "openstack_networking_secgroup_v2",
      "name": "ServerEC_Backend",
      "provider": "provider[\"registry.terraform.io/terraform-provider-openstack/openstack\"]",
      "instances": [
        {
          "schema_version": 0,
          "attributes": {
            "all_tags": [],
            "delete_default_rules": null,
            "description": "Permitir HTTP (5000), SSH, ICMP e acesso ao banco de dados (5432)",
            "id": "383a222a-c0a0-4336-91eb-6a729520e9e1",
            "name": "ServerEC_Backend",
            "region": "RegionT",
            "stateful": false,
            "tags": null,
            "tenant_id": "e3760c8456804a0481623553010c8a8a",
            "timeouts": null
          },
          "sensitive_attributes": [],
          "private": "eyJlMmJmYjczMC1lY2FhLTExZTYtOGY4OC0zNDM2M2JjN2M0YzAiOnsiZGVsZXRlIjo2MDAwMDAwMDAwMDB9fQ=="
        }
      ]
    }
  ],
  "check_results": null
}
