{
  "version": 4,
  "terraform_version": "1.12.1",
  "serial": 548,
  "lineage": "983a6de7-4c12-ea92-a83e-f97cde07a68b",
  "outputs": {
    "backend_ips": {
      "value": [
        "100.68.31.4",
        "100.68.31.5",
        "100.68.31.6"
      ],
      "type": [
        "tuple",
        [
          "string",
          "string",
          "string"
        ]
      ]
    },
    "database_ip": {
      "value": "100.68.31.11",
      "type": "string"
    },
    "frontend_ip": {
      "value": "100.68.31.7",
      "type": "string"
    },
    "loadbalancer_ip": {
      "value": "100.68.31.26",
      "type": "string"
    }
  },
  "resources": [
    {
      "mode": "data",
      "type": "openstack_networking_network_v2",
      "name": "lb_network",
      "provider": "provider[\"registry.terraform.io/terraform-provider-openstack/openstack\"]",
      "instances": [
        {
          "schema_version": 0,
          "attributes": {
            "admin_state_up": "true",
            "all_tags": [],
            "availability_zone_hints": [],
            "description": "The default network for the project iac-pic",
            "dns_domain": "iac-pic.tp.vps.tecnico.ulisboa.pt.",
            "external": false,
            "id": "46363e0c-a748-4b6e-91de-7b7efc33c979",
            "matching_subnet_cidr": null,
            "mtu": 1500,
            "name": "n-iac-pic",
            "network_id": null,
            "region": "RegionT",
            "segments": [],
            "shared": "false",
            "status": null,
            "subnets": [
              "e6c0cb24-7f3c-4313-891a-d7b4e99d3a23",
              "ee25c657-1616-4a87-b408-283b2d106a3c"
            ],
            "tags": null,
            "tenant_id": "e3760c8456804a0481623553010c8a8a",
            "transparent_vlan": false
          },
          "sensitive_attributes": [],
          "identity_schema_version": 0
        }
      ]
    },
    {
      "mode": "managed",
      "type": "openstack_compute_instance_v2",
      "name": "EC2_Frontend",
      "provider": "provider[\"registry.terraform.io/terraform-provider-openstack/openstack\"]",
      "instances": [
        {
          "schema_version": 0,
          "attributes": {
            "access_ip_v4": "100.68.31.7",
            "access_ip_v6": "[2001:690:2139:20f7:f816:3eff:fe86:9a61]",
            "admin_pass": null,
            "all_metadata": {},
            "all_tags": [],
            "availability_zone": "zone1",
            "availability_zone_hints": null,
            "block_device": [],
            "config_drive": null,
            "created": "2025-05-29 16:12:13 +0000 UTC",
            "flavor_id": "2",
            "flavor_name": "t1.small",
            "force_delete": false,
            "hypervisor_hostname": "",
            "id": "c05598e9-564d-4663-95af-9a808b0c8694",
            "image_id": "36c5f4bd-433b-4359-bb2a-93eeecd6fdb6",
            "image_name": "Debian-Bullseye-Latest",
            "key_pair": "ines-key1",
            "metadata": null,
            "name": "EC_Frontend",
            "network": [
              {
                "access_network": false,
                "fixed_ip_v4": "100.68.31.7",
                "fixed_ip_v6": "[2001:690:2139:20f7:f816:3eff:fe86:9a61]",
                "mac": "fa:16:3e:86:9a:61",
                "name": "n-iac-pic",
                "port": "",
                "uuid": "46363e0c-a748-4b6e-91de-7b7efc33c979"
              }
            ],
            "network_mode": null,
            "personality": [],
            "power_state": "active",
            "region": "RegionT",
            "scheduler_hints": [],
            "security_groups": [
              "EC_frontend"
            ],
            "stop_before_destroy": false,
            "tags": [],
            "timeouts": null,
            "updated": "2025-05-29 16:12:32 +0000 UTC",
            "user_data": "1c0896ed4ba7fe2d1f17e397cb472aa50bb765fd",
            "vendor_options": []
          },
          "sensitive_attributes": [
            [
              {
                "type": "get_attr",
                "value": "admin_pass"
              }
            ]
          ],
          "identity_schema_version": 0,
          "private": "eyJlMmJmYjczMC1lY2FhLTExZTYtOGY4OC0zNDM2M2JjN2M0YzAiOnsiY3JlYXRlIjoxODAwMDAwMDAwMDAwLCJkZWxldGUiOjE4MDAwMDAwMDAwMDAsInVwZGF0ZSI6MTgwMDAwMDAwMDAwMH19",
          "dependencies": [
            "openstack_compute_keypair_v2.keypair1",
            "openstack_networking_secgroup_v2.EC_frontend"
          ]
        }
      ]
    },
    {
      "mode": "managed",
      "type": "openstack_compute_instance_v2",
      "name": "api_server",
      "provider": "provider[\"registry.terraform.io/terraform-provider-openstack/openstack\"]",
      "instances": [
        {
          "index_key": 0,
          "schema_version": 0,
          "attributes": {
            "access_ip_v4": "100.68.31.4",
            "access_ip_v6": "[2001:690:2139:20f7:f816:3eff:fed4:370e]",
            "admin_pass": null,
            "all_metadata": {},
            "all_tags": [],
            "availability_zone": "zone1",
            "availability_zone_hints": null,
            "block_device": [],
            "config_drive": null,
            "created": "2025-05-29 16:12:13 +0000 UTC",
            "flavor_id": "2",
            "flavor_name": "t1.small",
            "force_delete": false,
            "hypervisor_hostname": "",
            "id": "381348b1-543d-4430-9fb6-861500e3a9ed",
            "image_id": "36c5f4bd-433b-4359-bb2a-93eeecd6fdb6",
            "image_name": "Debian-Bullseye-Latest",
            "key_pair": "ines-key1",
            "metadata": null,
            "name": "E-Commerce-Backend-0",
            "network": [
              {
                "access_network": false,
                "fixed_ip_v4": "100.68.31.4",
                "fixed_ip_v6": "[2001:690:2139:20f7:f816:3eff:fed4:370e]",
                "mac": "fa:16:3e:d4:37:0e",
                "name": "n-iac-pic",
                "port": "",
                "uuid": "46363e0c-a748-4b6e-91de-7b7efc33c979"
              }
            ],
            "network_mode": null,
            "personality": [],
            "power_state": "active",
            "region": "RegionT",
            "scheduler_hints": [],
            "security_groups": [
              "ServerEC_Backend"
            ],
            "stop_before_destroy": false,
            "tags": [],
            "timeouts": null,
            "updated": "2025-05-29 16:12:32 +0000 UTC",
            "user_data": "1aba947bb9e6db68c9ab039a62fee291ee56da34",
            "vendor_options": []
          },
          "sensitive_attributes": [
            [
              {
                "type": "get_attr",
                "value": "admin_pass"
              }
            ]
          ],
          "identity_schema_version": 0,
          "private": "eyJlMmJmYjczMC1lY2FhLTExZTYtOGY4OC0zNDM2M2JjN2M0YzAiOnsiY3JlYXRlIjoxODAwMDAwMDAwMDAwLCJkZWxldGUiOjE4MDAwMDAwMDAwMDAsInVwZGF0ZSI6MTgwMDAwMDAwMDAwMH19",
          "dependencies": [
            "openstack_compute_keypair_v2.keypair1",
            "openstack_networking_secgroup_v2.ServerEC_Backend"
          ]
        },
        {
          "index_key": 1,
          "schema_version": 0,
          "attributes": {
            "access_ip_v4": "100.68.31.5",
            "access_ip_v6": "[2001:690:2139:20f7:f816:3eff:fea4:b8b]",
            "admin_pass": null,
            "all_metadata": {},
            "all_tags": [],
            "availability_zone": "zone1",
            "availability_zone_hints": null,
            "block_device": [],
            "config_drive": null,
            "created": "2025-05-29 16:12:13 +0000 UTC",
            "flavor_id": "2",
            "flavor_name": "t1.small",
            "force_delete": false,
            "hypervisor_hostname": "",
            "id": "7b2ac01e-1667-42e2-94c8-b0cfb62daa8b",
            "image_id": "36c5f4bd-433b-4359-bb2a-93eeecd6fdb6",
            "image_name": "Debian-Bullseye-Latest",
            "key_pair": "ines-key1",
            "metadata": null,
            "name": "E-Commerce-Backend-1",
            "network": [
              {
                "access_network": false,
                "fixed_ip_v4": "100.68.31.5",
                "fixed_ip_v6": "[2001:690:2139:20f7:f816:3eff:fea4:b8b]",
                "mac": "fa:16:3e:a4:0b:8b",
                "name": "n-iac-pic",
                "port": "",
                "uuid": "46363e0c-a748-4b6e-91de-7b7efc33c979"
              }
            ],
            "network_mode": null,
            "personality": [],
            "power_state": "active",
            "region": "RegionT",
            "scheduler_hints": [],
            "security_groups": [
              "ServerEC_Backend"
            ],
            "stop_before_destroy": false,
            "tags": [],
            "timeouts": null,
            "updated": "2025-05-29 16:12:35 +0000 UTC",
            "user_data": "1aba947bb9e6db68c9ab039a62fee291ee56da34",
            "vendor_options": []
          },
          "sensitive_attributes": [
            [
              {
                "type": "get_attr",
                "value": "admin_pass"
              }
            ]
          ],
          "identity_schema_version": 0,
          "private": "eyJlMmJmYjczMC1lY2FhLTExZTYtOGY4OC0zNDM2M2JjN2M0YzAiOnsiY3JlYXRlIjoxODAwMDAwMDAwMDAwLCJkZWxldGUiOjE4MDAwMDAwMDAwMDAsInVwZGF0ZSI6MTgwMDAwMDAwMDAwMH19",
          "dependencies": [
            "openstack_compute_keypair_v2.keypair1",
            "openstack_networking_secgroup_v2.ServerEC_Backend"
          ]
        },
        {
          "index_key": 2,
          "schema_version": 0,
          "attributes": {
            "access_ip_v4": "100.68.31.6",
            "access_ip_v6": "[2001:690:2139:20f7:f816:3eff:fe73:3e67]",
            "admin_pass": null,
            "all_metadata": {},
            "all_tags": [],
            "availability_zone": "zone1",
            "availability_zone_hints": null,
            "block_device": [],
            "config_drive": null,
            "created": "2025-05-29 16:12:13 +0000 UTC",
            "flavor_id": "2",
            "flavor_name": "t1.small",
            "force_delete": false,
            "hypervisor_hostname": "",
            "id": "cbd6dc4f-2cea-44c1-925a-02318eecf9be",
            "image_id": "36c5f4bd-433b-4359-bb2a-93eeecd6fdb6",
            "image_name": "Debian-Bullseye-Latest",
            "key_pair": "ines-key1",
            "metadata": null,
            "name": "E-Commerce-Backend-2",
            "network": [
              {
                "access_network": false,
                "fixed_ip_v4": "100.68.31.6",
                "fixed_ip_v6": "[2001:690:2139:20f7:f816:3eff:fe73:3e67]",
                "mac": "fa:16:3e:73:3e:67",
                "name": "n-iac-pic",
                "port": "",
                "uuid": "46363e0c-a748-4b6e-91de-7b7efc33c979"
              }
            ],
            "network_mode": null,
            "personality": [],
            "power_state": "active",
            "region": "RegionT",
            "scheduler_hints": [],
            "security_groups": [
              "ServerEC_Backend"
            ],
            "stop_before_destroy": false,
            "tags": [],
            "timeouts": null,
            "updated": "2025-05-29 16:12:30 +0000 UTC",
            "user_data": "1aba947bb9e6db68c9ab039a62fee291ee56da34",
            "vendor_options": []
          },
          "sensitive_attributes": [
            [
              {
                "type": "get_attr",
                "value": "admin_pass"
              }
            ]
          ],
          "identity_schema_version": 0,
          "private": "eyJlMmJmYjczMC1lY2FhLTExZTYtOGY4OC0zNDM2M2JjN2M0YzAiOnsiY3JlYXRlIjoxODAwMDAwMDAwMDAwLCJkZWxldGUiOjE4MDAwMDAwMDAwMDAsInVwZGF0ZSI6MTgwMDAwMDAwMDAwMH19",
          "dependencies": [
            "openstack_compute_keypair_v2.keypair1",
            "openstack_networking_secgroup_v2.ServerEC_Backend"
          ]
        }
      ]
    },
    {
      "mode": "managed",
      "type": "openstack_compute_instance_v2",
      "name": "database",
      "provider": "provider[\"registry.terraform.io/terraform-provider-openstack/openstack\"]",
      "instances": [
        {
          "schema_version": 0,
          "attributes": {
            "access_ip_v4": "100.68.31.11",
            "access_ip_v6": "[2001:690:2139:20f7:f816:3eff:fe74:14ea]",
            "admin_pass": null,
            "all_metadata": {},
            "all_tags": [],
            "availability_zone": "zone1",
            "availability_zone_hints": null,
            "block_device": [],
            "config_drive": null,
            "created": "2025-05-29 16:12:13 +0000 UTC",
            "flavor_id": "2",
            "flavor_name": "t1.small",
            "force_delete": false,
            "hypervisor_hostname": "",
            "id": "f224458b-6573-485f-ab80-1672ca61e7dd",
            "image_id": "36c5f4bd-433b-4359-bb2a-93eeecd6fdb6",
            "image_name": "Debian-Bullseye-Latest",
            "key_pair": "ines-key1",
            "metadata": null,
            "name": "E-Commerce - Database",
            "network": [
              {
                "access_network": false,
                "fixed_ip_v4": "100.68.31.11",
                "fixed_ip_v6": "[2001:690:2139:20f7:f816:3eff:fe74:14ea]",
                "mac": "fa:16:3e:74:14:ea",
                "name": "n-iac-pic",
                "port": "",
                "uuid": "46363e0c-a748-4b6e-91de-7b7efc33c979"
              }
            ],
            "network_mode": null,
            "personality": [],
            "power_state": "active",
            "region": "RegionT",
            "scheduler_hints": [],
            "security_groups": [
              "EC_Database"
            ],
            "stop_before_destroy": false,
            "tags": [],
            "timeouts": null,
            "updated": "2025-05-29 16:12:24 +0000 UTC",
            "user_data": "ee32a33a126bbd7f8a355adb3e43e590dd2a46f4",
            "vendor_options": []
          },
          "sensitive_attributes": [
            [
              {
                "type": "get_attr",
                "value": "admin_pass"
              }
            ]
          ],
          "identity_schema_version": 0,
          "private": "eyJlMmJmYjczMC1lY2FhLTExZTYtOGY4OC0zNDM2M2JjN2M0YzAiOnsiY3JlYXRlIjoxODAwMDAwMDAwMDAwLCJkZWxldGUiOjE4MDAwMDAwMDAwMDAsInVwZGF0ZSI6MTgwMDAwMDAwMDAwMH19",
          "dependencies": [
            "openstack_compute_keypair_v2.keypair1",
            "openstack_networking_secgroup_v2.EC_Database"
          ]
        }
      ]
    },
    {
      "mode": "managed",
      "type": "openstack_compute_instance_v2",
      "name": "manual_lb",
      "provider": "provider[\"registry.terraform.io/terraform-provider-openstack/openstack\"]",
      "instances": [
        {
          "schema_version": 0,
          "attributes": {
            "access_ip_v4": "100.68.31.26",
            "access_ip_v6": "[2001:690:2139:20f7:f816:3eff:fe49:9d4e]",
            "admin_pass": null,
            "all_metadata": {},
            "all_tags": [],
            "availability_zone": "zone1",
            "availability_zone_hints": null,
            "block_device": [],
            "config_drive": null,
            "created": "2025-05-29 17:15:03 +0000 UTC",
            "flavor_id": "2",
            "flavor_name": "t1.small",
            "force_delete": false,
            "hypervisor_hostname": "",
            "id": "63edfaf4-e112-4703-8ef1-baf2c3e883af",
            "image_id": "36c5f4bd-433b-4359-bb2a-93eeecd6fdb6",
            "image_name": "Debian-Bullseye-Latest",
            "key_pair": "ines-key1",
            "metadata": null,
            "name": "manual-loadbalancer-nginx",
            "network": [
              {
                "access_network": false,
                "fixed_ip_v4": "100.68.31.26",
                "fixed_ip_v6": "[2001:690:2139:20f7:f816:3eff:fe49:9d4e]",
                "mac": "fa:16:3e:49:9d:4e",
                "name": "n-iac-pic",
                "port": "",
                "uuid": ""
              }
            ],
            "network_mode": null,
            "personality": [],
            "power_state": "active",
            "region": "RegionT",
            "scheduler_hints": [],
            "security_groups": [
              "manual-lb-sg"
            ],
            "stop_before_destroy": false,
            "tags": null,
            "timeouts": null,
            "updated": "2025-05-29 17:15:14 +0000 UTC",
            "user_data": "ab79b0e17cafae138d6d420b9cb4885077a99e1c",
            "vendor_options": []
          },
          "sensitive_attributes": [
            [
              {
                "type": "get_attr",
                "value": "admin_pass"
              }
            ]
          ],
          "identity_schema_version": 0,
          "private": "eyJlMmJmYjczMC1lY2FhLTExZTYtOGY4OC0zNDM2M2JjN2M0YzAiOnsiY3JlYXRlIjoxODAwMDAwMDAwMDAwLCJkZWxldGUiOjE4MDAwMDAwMDAwMDAsInVwZGF0ZSI6MTgwMDAwMDAwMDAwMH19",
          "dependencies": [
            "openstack_compute_instance_v2.api_server",
            "openstack_compute_keypair_v2.keypair1",
            "openstack_networking_secgroup_v2.ServerEC_Backend",
            "openstack_networking_secgroup_v2.manual_lb_sg"
          ]
        }
      ]
    },
    {
      "mode": "managed",
      "type": "openstack_compute_keypair_v2",
      "name": "keypair1",
      "provider": "provider[\"registry.terraform.io/terraform-provider-openstack/openstack\"]",
      "instances": [
        {
          "schema_version": 0,
          "attributes": {
            "fingerprint": "bd:73:30:6d:b4:33:b9:dc:44:23:0c:d7:eb:5d:73:82",
            "id": "ines-key1",
            "name": "ines-key1",
            "private_key": "",
            "public_key": "ssh-rsa AAAAB3NzaC1yc2EAAAADAQABAAACAQCvD0gzdauFdyMZcjjXqJ8O9DPvDISjTD0VUs7Ui2MrFNSdAZwZn6G4QgT5Hr9l4g2TM4enaB8y9jn6N/A/zLHl3rQFwAy3XaClYOtE9+K8/cGUn3erzbJ2COOxnT2blThSfeky+v6l76zNYGA05I9+XlBPibnN3uqvO+ogKiAaLTKe+wM8vbdFrp+1LaDmloDLz1EOtIl/YMKmjv4kSVV7NZi9pX3ASlHOQcWaqcfapehAr7Yb0unOsbygqANj8ovDHarZJ1i4AeMsiMYcwuYxAfZT7CSa4e48AMbcc7hn75pLUkMLN8EkwbWZ6Ib9rm7fYSSlWWO5luzgbGCD5CoD8/0jqF7UlTakgQWsuwxlc/gctrH9SPTFTAcYcLTD+ZUbfmePZC98yAqrWUqiB39IAheSEJvGb4bUPwRjjdZ3Z+eIUpDdiQBy4tAoRvDnjEKcmosEcENtEmC/o19UhMpLOtiZyJHelKZdbW375gGQ4aFRt01TAcsIvIIdvO7wzPzpIwJPBHhUwkb9DDDjLwPuUx9eQn3J5O9HltJdhALzoWPZhp8PSVeFRkDQa2ZPWL7Yas0BoRM95/7zBETOFsu2ok6Fjbs1YAGgU8PSHKgVz1or2qnFiGLzm5Od+AMLLvJH8jv+X9x6v17YAIfB+lHuZYMClvwVNo+2COW4nDObnw== inesmribeiro4102@gmail.com\n",
            "region": "RegionT",
            "user_id": "",
            "value_specs": null
          },
          "sensitive_attributes": [
            [
              {
                "type": "get_attr",
                "value": "private_key"
              }
            ]
          ],
          "identity_schema_version": 0,
          "private": "bnVsbA=="
        }
      ]
    },
    {
      "mode": "managed",
      "type": "openstack_networking_secgroup_rule_v2",
      "name": "backend_db_ingress",
      "provider": "provider[\"registry.terraform.io/terraform-provider-openstack/openstack\"]",
      "instances": [
        {
          "schema_version": 0,
          "attributes": {
            "description": "",
            "direction": "ingress",
            "ethertype": "IPv4",
            "id": "6943791c-88d6-40e0-a2e4-7509681c44af",
            "port_range_max": 5432,
            "port_range_min": 5432,
            "protocol": "tcp",
            "region": "RegionT",
            "remote_group_id": "",
            "remote_ip_prefix": "0.0.0.0/0",
            "security_group_id": "9bc8ddff-cadb-4c3d-a187-0bfb3b4ff62f",
            "tenant_id": "e3760c8456804a0481623553010c8a8a",
            "timeouts": null
          },
          "sensitive_attributes": [],
          "identity_schema_version": 0,
          "private": "eyJlMmJmYjczMC1lY2FhLTExZTYtOGY4OC0zNDM2M2JjN2M0YzAiOnsiZGVsZXRlIjo2MDAwMDAwMDAwMDB9fQ==",
          "dependencies": [
            "openstack_networking_secgroup_v2.ServerEC_Backend"
          ]
        }
      ]
    },
    {
      "mode": "managed",
      "type": "openstack_networking_secgroup_rule_v2",
      "name": "backend_http",
      "provider": "provider[\"registry.terraform.io/terraform-provider-openstack/openstack\"]",
      "instances": [
        {
          "schema_version": 0,
          "attributes": {
            "description": "",
            "direction": "ingress",
            "ethertype": "IPv4",
            "id": "9a08f1e3-5d67-4481-a4fd-9469ea73f975",
            "port_range_max": 5000,
            "port_range_min": 5000,
            "protocol": "tcp",
            "region": "RegionT",
            "remote_group_id": "",
            "remote_ip_prefix": "0.0.0.0/0",
            "security_group_id": "9bc8ddff-cadb-4c3d-a187-0bfb3b4ff62f",
            "tenant_id": "e3760c8456804a0481623553010c8a8a",
            "timeouts": null
          },
          "sensitive_attributes": [],
          "identity_schema_version": 0,
          "private": "eyJlMmJmYjczMC1lY2FhLTExZTYtOGY4OC0zNDM2M2JjN2M0YzAiOnsiZGVsZXRlIjo2MDAwMDAwMDAwMDB9fQ==",
          "dependencies": [
            "openstack_networking_secgroup_v2.ServerEC_Backend"
          ]
        }
      ]
    },
    {
      "mode": "managed",
      "type": "openstack_networking_secgroup_rule_v2",
      "name": "backend_icmp",
      "provider": "provider[\"registry.terraform.io/terraform-provider-openstack/openstack\"]",
      "instances": [
        {
          "schema_version": 0,
          "attributes": {
            "description": "",
            "direction": "ingress",
            "ethertype": "IPv4",
            "id": "dd64e92c-72dd-434e-8a4f-9f94ee54a4dd",
            "port_range_max": 0,
            "port_range_min": 0,
            "protocol": "icmp",
            "region": "RegionT",
            "remote_group_id": "",
            "remote_ip_prefix": "0.0.0.0/0",
            "security_group_id": "9bc8ddff-cadb-4c3d-a187-0bfb3b4ff62f",
            "tenant_id": "e3760c8456804a0481623553010c8a8a",
            "timeouts": null
          },
          "sensitive_attributes": [],
          "identity_schema_version": 0,
          "private": "eyJlMmJmYjczMC1lY2FhLTExZTYtOGY4OC0zNDM2M2JjN2M0YzAiOnsiZGVsZXRlIjo2MDAwMDAwMDAwMDB9fQ==",
          "dependencies": [
            "openstack_networking_secgroup_v2.ServerEC_Backend"
          ]
        }
      ]
    },
    {
      "mode": "managed",
      "type": "openstack_networking_secgroup_rule_v2",
      "name": "backend_ssh",
      "provider": "provider[\"registry.terraform.io/terraform-provider-openstack/openstack\"]",
      "instances": [
        {
          "schema_version": 0,
          "attributes": {
            "description": "",
            "direction": "ingress",
            "ethertype": "IPv4",
            "id": "c994b19b-f350-47b4-a005-b8c6fc119c0a",
            "port_range_max": 22,
            "port_range_min": 22,
            "protocol": "tcp",
            "region": "RegionT",
            "remote_group_id": "",
            "remote_ip_prefix": "0.0.0.0/0",
            "security_group_id": "9bc8ddff-cadb-4c3d-a187-0bfb3b4ff62f",
            "tenant_id": "e3760c8456804a0481623553010c8a8a",
            "timeouts": null
          },
          "sensitive_attributes": [],
          "identity_schema_version": 0,
          "private": "eyJlMmJmYjczMC1lY2FhLTExZTYtOGY4OC0zNDM2M2JjN2M0YzAiOnsiZGVsZXRlIjo2MDAwMDAwMDAwMDB9fQ==",
          "dependencies": [
            "openstack_networking_secgroup_v2.ServerEC_Backend"
          ]
        }
      ]
    },
    {
      "mode": "managed",
      "type": "openstack_networking_secgroup_rule_v2",
      "name": "db_icmp",
      "provider": "provider[\"registry.terraform.io/terraform-provider-openstack/openstack\"]",
      "instances": [
        {
          "schema_version": 0,
          "attributes": {
            "description": "",
            "direction": "ingress",
            "ethertype": "IPv4",
            "id": "ea3c386d-e5d9-42d4-9c70-c023a372cd91",
            "port_range_max": 0,
            "port_range_min": 0,
            "protocol": "icmp",
            "region": "RegionT",
            "remote_group_id": "",
            "remote_ip_prefix": "0.0.0.0/0",
            "security_group_id": "3b421e8a-2e88-4cb8-b6a8-4ff4ca90a349",
            "tenant_id": "e3760c8456804a0481623553010c8a8a",
            "timeouts": null
          },
          "sensitive_attributes": [],
          "identity_schema_version": 0,
          "private": "eyJlMmJmYjczMC1lY2FhLTExZTYtOGY4OC0zNDM2M2JjN2M0YzAiOnsiZGVsZXRlIjo2MDAwMDAwMDAwMDB9fQ==",
          "dependencies": [
            "openstack_networking_secgroup_v2.EC_Database"
          ]
        }
      ]
    },
    {
      "mode": "managed",
      "type": "openstack_networking_secgroup_rule_v2",
      "name": "db_postgres",
      "provider": "provider[\"registry.terraform.io/terraform-provider-openstack/openstack\"]",
      "instances": [
        {
          "schema_version": 0,
          "attributes": {
            "description": "",
            "direction": "ingress",
            "ethertype": "IPv4",
            "id": "e85f1bcc-cb52-4e28-b045-311b3b18c0f8",
            "port_range_max": 5432,
            "port_range_min": 5432,
            "protocol": "tcp",
            "region": "RegionT",
            "remote_group_id": "",
            "remote_ip_prefix": "0.0.0.0/0",
            "security_group_id": "3b421e8a-2e88-4cb8-b6a8-4ff4ca90a349",
            "tenant_id": "e3760c8456804a0481623553010c8a8a",
            "timeouts": null
          },
          "sensitive_attributes": [],
          "identity_schema_version": 0,
          "private": "eyJlMmJmYjczMC1lY2FhLTExZTYtOGY4OC0zNDM2M2JjN2M0YzAiOnsiZGVsZXRlIjo2MDAwMDAwMDAwMDB9fQ==",
          "dependencies": [
            "openstack_networking_secgroup_v2.EC_Database"
          ]
        }
      ]
    },
    {
      "mode": "managed",
      "type": "openstack_networking_secgroup_rule_v2",
      "name": "db_ssh",
      "provider": "provider[\"registry.terraform.io/terraform-provider-openstack/openstack\"]",
      "instances": [
        {
          "schema_version": 0,
          "attributes": {
            "description": "",
            "direction": "ingress",
            "ethertype": "IPv4",
            "id": "a00f6932-1c5f-4d09-924f-da4710200373",
            "port_range_max": 22,
            "port_range_min": 22,
            "protocol": "tcp",
            "region": "RegionT",
            "remote_group_id": "",
            "remote_ip_prefix": "0.0.0.0/0",
            "security_group_id": "3b421e8a-2e88-4cb8-b6a8-4ff4ca90a349",
            "tenant_id": "e3760c8456804a0481623553010c8a8a",
            "timeouts": null
          },
          "sensitive_attributes": [],
          "identity_schema_version": 0,
          "private": "eyJlMmJmYjczMC1lY2FhLTExZTYtOGY4OC0zNDM2M2JjN2M0YzAiOnsiZGVsZXRlIjo2MDAwMDAwMDAwMDB9fQ==",
          "dependencies": [
            "openstack_networking_secgroup_v2.EC_Database"
          ]
        }
      ]
    },
    {
      "mode": "managed",
      "type": "openstack_networking_secgroup_rule_v2",
      "name": "flask",
      "provider": "provider[\"registry.terraform.io/terraform-provider-openstack/openstack\"]",
      "instances": [
        {
          "schema_version": 0,
          "attributes": {
            "description": "",
            "direction": "ingress",
            "ethertype": "IPv4",
            "id": "f43e5664-6f0c-41dc-8bf5-ff389adb59ea",
            "port_range_max": 5000,
            "port_range_min": 5000,
            "protocol": "tcp",
            "region": "RegionT",
            "remote_group_id": "",
            "remote_ip_prefix": "0.0.0.0/0",
            "security_group_id": "c2c8af27-3b28-4733-be79-b474e86dbdfc",
            "tenant_id": "e3760c8456804a0481623553010c8a8a",
            "timeouts": null
          },
          "sensitive_attributes": [],
          "identity_schema_version": 0,
          "private": "eyJlMmJmYjczMC1lY2FhLTExZTYtOGY4OC0zNDM2M2JjN2M0YzAiOnsiZGVsZXRlIjo2MDAwMDAwMDAwMDB9fQ==",
          "dependencies": [
            "openstack_networking_secgroup_v2.EC_frontend"
          ]
        }
      ]
    },
    {
      "mode": "managed",
      "type": "openstack_networking_secgroup_rule_v2",
      "name": "http",
      "provider": "provider[\"registry.terraform.io/terraform-provider-openstack/openstack\"]",
      "instances": [
        {
          "schema_version": 0,
          "attributes": {
            "description": "",
            "direction": "ingress",
            "ethertype": "IPv4",
            "id": "af571661-1f1b-4dfd-bd96-8da0cfe52ecb",
            "port_range_max": 80,
            "port_range_min": 80,
            "protocol": "tcp",
            "region": "RegionT",
            "remote_group_id": "",
            "remote_ip_prefix": "0.0.0.0/0",
            "security_group_id": "c2c8af27-3b28-4733-be79-b474e86dbdfc",
            "tenant_id": "e3760c8456804a0481623553010c8a8a",
            "timeouts": null
          },
          "sensitive_attributes": [],
          "identity_schema_version": 0,
          "private": "eyJlMmJmYjczMC1lY2FhLTExZTYtOGY4OC0zNDM2M2JjN2M0YzAiOnsiZGVsZXRlIjo2MDAwMDAwMDAwMDB9fQ==",
          "dependencies": [
            "openstack_networking_secgroup_v2.EC_frontend"
          ]
        }
      ]
    },
    {
      "mode": "managed",
      "type": "openstack_networking_secgroup_rule_v2",
      "name": "icmp",
      "provider": "provider[\"registry.terraform.io/terraform-provider-openstack/openstack\"]",
      "instances": [
        {
          "schema_version": 0,
          "attributes": {
            "description": "",
            "direction": "ingress",
            "ethertype": "IPv4",
            "id": "4a820bfc-3c0a-4b7b-a6c8-3f6bc0e5e14a",
            "port_range_max": 0,
            "port_range_min": 0,
            "protocol": "icmp",
            "region": "RegionT",
            "remote_group_id": "",
            "remote_ip_prefix": "0.0.0.0/0",
            "security_group_id": "c2c8af27-3b28-4733-be79-b474e86dbdfc",
            "tenant_id": "e3760c8456804a0481623553010c8a8a",
            "timeouts": null
          },
          "sensitive_attributes": [],
          "identity_schema_version": 0,
          "private": "eyJlMmJmYjczMC1lY2FhLTExZTYtOGY4OC0zNDM2M2JjN2M0YzAiOnsiZGVsZXRlIjo2MDAwMDAwMDAwMDB9fQ==",
          "dependencies": [
            "openstack_networking_secgroup_v2.EC_frontend"
          ]
        }
      ]
    },
    {
      "mode": "managed",
      "type": "openstack_networking_secgroup_rule_v2",
      "name": "manual_lb_http",
      "provider": "provider[\"registry.terraform.io/terraform-provider-openstack/openstack\"]",
      "instances": [
        {
          "schema_version": 0,
          "attributes": {
            "description": "",
            "direction": "ingress",
            "ethertype": "IPv4",
            "id": "4fc7fcd4-e0b7-452d-9e7d-ced8bfe4ae84",
            "port_range_max": 80,
            "port_range_min": 80,
            "protocol": "tcp",
            "region": "RegionT",
            "remote_group_id": "",
            "remote_ip_prefix": "0.0.0.0/0",
            "security_group_id": "6310c4db-7456-4d28-8b8a-18af1a8d5a90",
            "tenant_id": "e3760c8456804a0481623553010c8a8a",
            "timeouts": null
          },
          "sensitive_attributes": [],
          "identity_schema_version": 0,
          "private": "eyJlMmJmYjczMC1lY2FhLTExZTYtOGY4OC0zNDM2M2JjN2M0YzAiOnsiZGVsZXRlIjo2MDAwMDAwMDAwMDB9fQ==",
          "dependencies": [
            "openstack_networking_secgroup_v2.manual_lb_sg"
          ]
        }
      ]
    },
    {
      "mode": "managed",
      "type": "openstack_networking_secgroup_rule_v2",
      "name": "manual_lb_ssh",
      "provider": "provider[\"registry.terraform.io/terraform-provider-openstack/openstack\"]",
      "instances": [
        {
          "schema_version": 0,
          "attributes": {
            "description": "",
            "direction": "ingress",
            "ethertype": "IPv4",
            "id": "d5cfee37-a42f-49aa-a424-092f5f594ca8",
            "port_range_max": 22,
            "port_range_min": 22,
            "protocol": "tcp",
            "region": "RegionT",
            "remote_group_id": "",
            "remote_ip_prefix": "0.0.0.0/0",
            "security_group_id": "6310c4db-7456-4d28-8b8a-18af1a8d5a90",
            "tenant_id": "e3760c8456804a0481623553010c8a8a",
            "timeouts": null
          },
          "sensitive_attributes": [],
          "identity_schema_version": 0,
          "private": "eyJlMmJmYjczMC1lY2FhLTExZTYtOGY4OC0zNDM2M2JjN2M0YzAiOnsiZGVsZXRlIjo2MDAwMDAwMDAwMDB9fQ==",
          "dependencies": [
            "openstack_networking_secgroup_v2.manual_lb_sg"
          ]
        }
      ]
    },
    {
      "mode": "managed",
      "type": "openstack_networking_secgroup_rule_v2",
      "name": "ssh",
      "provider": "provider[\"registry.terraform.io/terraform-provider-openstack/openstack\"]",
      "instances": [
        {
          "schema_version": 0,
          "attributes": {
            "description": "",
            "direction": "ingress",
            "ethertype": "IPv4",
            "id": "71017432-b12a-4252-9a55-6622ebea27d3",
            "port_range_max": 22,
            "port_range_min": 22,
            "protocol": "tcp",
            "region": "RegionT",
            "remote_group_id": "",
            "remote_ip_prefix": "0.0.0.0/0",
            "security_group_id": "c2c8af27-3b28-4733-be79-b474e86dbdfc",
            "tenant_id": "e3760c8456804a0481623553010c8a8a",
            "timeouts": null
          },
          "sensitive_attributes": [],
          "identity_schema_version": 0,
          "private": "eyJlMmJmYjczMC1lY2FhLTExZTYtOGY4OC0zNDM2M2JjN2M0YzAiOnsiZGVsZXRlIjo2MDAwMDAwMDAwMDB9fQ==",
          "dependencies": [
            "openstack_networking_secgroup_v2.EC_frontend"
          ]
        }
      ]
    },
    {
      "mode": "managed",
      "type": "openstack_networking_secgroup_v2",
      "name": "EC_Database",
      "provider": "provider[\"registry.terraform.io/terraform-provider-openstack/openstack\"]",
      "instances": [
        {
          "schema_version": 0,
          "attributes": {
            "all_tags": [],
            "delete_default_rules": null,
            "description": "Permitir SSH, ICMP e acesso PostgreSQL",
            "id": "3b421e8a-2e88-4cb8-b6a8-4ff4ca90a349",
            "name": "EC_Database",
            "region": "RegionT",
            "stateful": false,
            "tags": [],
            "tenant_id": "e3760c8456804a0481623553010c8a8a",
            "timeouts": null
          },
          "sensitive_attributes": [],
          "identity_schema_version": 0,
          "private": "eyJlMmJmYjczMC1lY2FhLTExZTYtOGY4OC0zNDM2M2JjN2M0YzAiOnsiZGVsZXRlIjo2MDAwMDAwMDAwMDB9fQ=="
        }
      ]
    },
    {
      "mode": "managed",
      "type": "openstack_networking_secgroup_v2",
      "name": "EC_frontend",
      "provider": "provider[\"registry.terraform.io/terraform-provider-openstack/openstack\"]",
      "instances": [
        {
          "schema_version": 0,
          "attributes": {
            "all_tags": [],
            "delete_default_rules": null,
            "description": "Permitir HTTP, SSH, ICMP e Flask",
            "id": "c2c8af27-3b28-4733-be79-b474e86dbdfc",
            "name": "EC_frontend",
            "region": "RegionT",
            "stateful": false,
            "tags": [],
            "tenant_id": "e3760c8456804a0481623553010c8a8a",
            "timeouts": null
          },
          "sensitive_attributes": [],
          "identity_schema_version": 0,
          "private": "eyJlMmJmYjczMC1lY2FhLTExZTYtOGY4OC0zNDM2M2JjN2M0YzAiOnsiZGVsZXRlIjo2MDAwMDAwMDAwMDB9fQ=="
        }
      ]
    },
    {
      "mode": "managed",
      "type": "openstack_networking_secgroup_v2",
      "name": "ServerEC_Backend",
      "provider": "provider[\"registry.terraform.io/terraform-provider-openstack/openstack\"]",
      "instances": [
        {
          "schema_version": 0,
          "attributes": {
            "all_tags": [],
            "delete_default_rules": null,
            "description": "Permitir HTTP (5000), SSH, ICMP e acesso ao banco de dados (5432)",
            "id": "9bc8ddff-cadb-4c3d-a187-0bfb3b4ff62f",
            "name": "ServerEC_Backend",
            "region": "RegionT",
            "stateful": false,
            "tags": [],
            "tenant_id": "e3760c8456804a0481623553010c8a8a",
            "timeouts": null
          },
          "sensitive_attributes": [],
          "identity_schema_version": 0,
          "private": "eyJlMmJmYjczMC1lY2FhLTExZTYtOGY4OC0zNDM2M2JjN2M0YzAiOnsiZGVsZXRlIjo2MDAwMDAwMDAwMDB9fQ=="
        }
      ]
    },
    {
      "mode": "managed",
      "type": "openstack_networking_secgroup_v2",
      "name": "manual_lb_sg",
      "provider": "provider[\"registry.terraform.io/terraform-provider-openstack/openstack\"]",
      "instances": [
        {
          "schema_version": 0,
          "attributes": {
            "all_tags": [],
            "delete_default_rules": null,
            "description": "Permitir HTTP (5000) e SSH para o load balancer",
            "id": "6310c4db-7456-4d28-8b8a-18af1a8d5a90",
            "name": "manual-lb-sg",
            "region": "RegionT",
            "stateful": false,
            "tags": [],
            "tenant_id": "e3760c8456804a0481623553010c8a8a",
            "timeouts": null
          },
          "sensitive_attributes": [],
          "identity_schema_version": 0,
          "private": "eyJlMmJmYjczMC1lY2FhLTExZTYtOGY4OC0zNDM2M2JjN2M0YzAiOnsiZGVsZXRlIjo2MDAwMDAwMDAwMDB9fQ=="
        }
      ]
    }
  ],
  "check_results": null
}
