{
  "version": 4,
  "terraform_version": "1.11.4",
  "serial": 21,
  "lineage": "983a6de7-4c12-ea92-a83e-f97cde07a68b",
  "outputs": {},
  "resources": [
    {
      "mode": "managed",
      "type": "openstack_compute_instance_v2",
      "name": "EC2_Frontend",
      "provider": "provider[\"registry.terraform.io/terraform-provider-openstack/openstack\"]",
      "instances": [
        {
          "schema_version": 0,
          "attributes": {
            "access_ip_v4": "100.68.31.9",
            "access_ip_v6": "[2001:690:2139:20f7:f816:3eff:fea0:5154]",
            "admin_pass": null,
            "all_metadata": {},
            "all_tags": [],
            "availability_zone": "zone1",
            "availability_zone_hints": null,
            "block_device": [],
            "config_drive": null,
            "created": "2025-05-15 23:11:33 +0000 UTC",
            "flavor_id": "2",
            "flavor_name": "t1.small",
            "force_delete": false,
            "id": "58ece8d5-9565-4273-b5b3-2af8c8642c51",
            "image_id": "61e1d887-50a3-4dc1-bb82-cf96e1870815",
            "image_name": "Debian-Bullseye-Latest",
            "key_pair": "ines-key1",
            "metadata": null,
            "name": "terraform demo",
            "network": [
              {
                "access_network": false,
                "fixed_ip_v4": "100.68.31.9",
                "fixed_ip_v6": "[2001:690:2139:20f7:f816:3eff:fea0:5154]",
                "mac": "fa:16:3e:a0:51:54",
                "name": "n-iac-pic",
                "port": "",
                "uuid": ""
              }
            ],
            "network_mode": null,
            "personality": [],
            "power_state": "active",
            "region": "RegionT",
            "scheduler_hints": [],
            "security_groups": [
              "EC_frontend"
            ],
            "stop_before_destroy": false,
            "tags": null,
            "timeouts": null,
            "updated": "2025-05-15 23:11:43 +0000 UTC",
            "user_data": "1c0896ed4ba7fe2d1f17e397cb472aa50bb765fd",
            "vendor_options": []
          },
          "sensitive_attributes": [
            [
              {
                "type": "get_attr",
                "value": "admin_pass"
              }
            ]
          ],
          "private": "eyJlMmJmYjczMC1lY2FhLTExZTYtOGY4OC0zNDM2M2JjN2M0YzAiOnsiY3JlYXRlIjoxODAwMDAwMDAwMDAwLCJkZWxldGUiOjE4MDAwMDAwMDAwMDAsInVwZGF0ZSI6MTgwMDAwMDAwMDAwMH19",
          "dependencies": [
            "openstack_compute_keypair_v2.keypair1",
            "openstack_networking_secgroup_v2.EC_frontend"
          ]
        }
      ]
    },
    {
      "mode": "managed",
      "type": "openstack_compute_keypair_v2",
      "name": "keypair1",
      "provider": "provider[\"registry.terraform.io/terraform-provider-openstack/openstack\"]",
      "instances": [
        {
          "schema_version": 0,
          "attributes": {
            "fingerprint": "bd:73:30:6d:b4:33:b9:dc:44:23:0c:d7:eb:5d:73:82",
            "id": "ines-key1",
            "name": "ines-key1",
            "private_key": "",
            "public_key": "ssh-rsa AAAAB3NzaC1yc2EAAAADAQABAAACAQCvD0gzdauFdyMZcjjXqJ8O9DPvDISjTD0VUs7Ui2MrFNSdAZwZn6G4QgT5Hr9l4g2TM4enaB8y9jn6N/A/zLHl3rQFwAy3XaClYOtE9+K8/cGUn3erzbJ2COOxnT2blThSfeky+v6l76zNYGA05I9+XlBPibnN3uqvO+ogKiAaLTKe+wM8vbdFrp+1LaDmloDLz1EOtIl/YMKmjv4kSVV7NZi9pX3ASlHOQcWaqcfapehAr7Yb0unOsbygqANj8ovDHarZJ1i4AeMsiMYcwuYxAfZT7CSa4e48AMbcc7hn75pLUkMLN8EkwbWZ6Ib9rm7fYSSlWWO5luzgbGCD5CoD8/0jqF7UlTakgQWsuwxlc/gctrH9SPTFTAcYcLTD+ZUbfmePZC98yAqrWUqiB39IAheSEJvGb4bUPwRjjdZ3Z+eIUpDdiQBy4tAoRvDnjEKcmosEcENtEmC/o19UhMpLOtiZyJHelKZdbW375gGQ4aFRt01TAcsIvIIdvO7wzPzpIwJPBHhUwkb9DDDjLwPuUx9eQn3J5O9HltJdhALzoWPZhp8PSVeFRkDQa2ZPWL7Yas0BoRM95/7zBETOFsu2ok6Fjbs1YAGgU8PSHKgVz1or2qnFiGLzm5Od+AMLLvJH8jv+X9x6v17YAIfB+lHuZYMClvwVNo+2COW4nDObnw== inesmribeiro4102@gmail.com\n",
            "region": "RegionT",
            "user_id": "",
            "value_specs": null
          },
          "sensitive_attributes": [
            [
              {
                "type": "get_attr",
                "value": "private_key"
              }
            ]
          ],
          "private": "bnVsbA=="
        }
      ]
    },
    {
      "mode": "managed",
      "type": "openstack_networking_secgroup_rule_v2",
      "name": "flask",
      "provider": "provider[\"registry.terraform.io/terraform-provider-openstack/openstack\"]",
      "instances": [
        {
          "schema_version": 0,
          "attributes": {
            "description": "",
            "direction": "ingress",
            "ethertype": "IPv4",
            "id": "39d663e5-11b5-4980-a2ce-9a3c9ee0203c",
            "port_range_max": 5000,
            "port_range_min": 5000,
            "protocol": "tcp",
            "region": "RegionT",
            "remote_group_id": "",
            "remote_ip_prefix": "0.0.0.0/0",
            "security_group_id": "421371d4-9923-4477-855f-f9f0431d7244",
            "tenant_id": "e3760c8456804a0481623553010c8a8a",
            "timeouts": null
          },
          "sensitive_attributes": [],
          "private": "eyJlMmJmYjczMC1lY2FhLTExZTYtOGY4OC0zNDM2M2JjN2M0YzAiOnsiZGVsZXRlIjo2MDAwMDAwMDAwMDB9fQ==",
          "dependencies": [
            "openstack_networking_secgroup_v2.EC_frontend"
          ]
        }
      ]
    },
    {
      "mode": "managed",
      "type": "openstack_networking_secgroup_rule_v2",
      "name": "http",
      "provider": "provider[\"registry.terraform.io/terraform-provider-openstack/openstack\"]",
      "instances": [
        {
          "schema_version": 0,
          "attributes": {
            "description": "",
            "direction": "ingress",
            "ethertype": "IPv4",
            "id": "f30790cf-ffb9-4f7b-b9d8-e938948080a8",
            "port_range_max": 80,
            "port_range_min": 80,
            "protocol": "tcp",
            "region": "RegionT",
            "remote_group_id": "",
            "remote_ip_prefix": "0.0.0.0/0",
            "security_group_id": "421371d4-9923-4477-855f-f9f0431d7244",
            "tenant_id": "e3760c8456804a0481623553010c8a8a",
            "timeouts": null
          },
          "sensitive_attributes": [],
          "private": "eyJlMmJmYjczMC1lY2FhLTExZTYtOGY4OC0zNDM2M2JjN2M0YzAiOnsiZGVsZXRlIjo2MDAwMDAwMDAwMDB9fQ==",
          "dependencies": [
            "openstack_networking_secgroup_v2.EC_frontend"
          ]
        }
      ]
    },
    {
      "mode": "managed",
      "type": "openstack_networking_secgroup_rule_v2",
      "name": "icmp",
      "provider": "provider[\"registry.terraform.io/terraform-provider-openstack/openstack\"]",
      "instances": [
        {
          "schema_version": 0,
          "attributes": {
            "description": "",
            "direction": "ingress",
            "ethertype": "IPv4",
            "id": "a2bcb14b-bb3e-4450-8b65-055d5b5c4819",
            "port_range_max": 0,
            "port_range_min": 0,
            "protocol": "icmp",
            "region": "RegionT",
            "remote_group_id": "",
            "remote_ip_prefix": "0.0.0.0/0",
            "security_group_id": "421371d4-9923-4477-855f-f9f0431d7244",
            "tenant_id": "e3760c8456804a0481623553010c8a8a",
            "timeouts": null
          },
          "sensitive_attributes": [],
          "private": "eyJlMmJmYjczMC1lY2FhLTExZTYtOGY4OC0zNDM2M2JjN2M0YzAiOnsiZGVsZXRlIjo2MDAwMDAwMDAwMDB9fQ==",
          "dependencies": [
            "openstack_networking_secgroup_v2.EC_frontend"
          ]
        }
      ]
    },
    {
      "mode": "managed",
      "type": "openstack_networking_secgroup_rule_v2",
      "name": "ssh",
      "provider": "provider[\"registry.terraform.io/terraform-provider-openstack/openstack\"]",
      "instances": [
        {
          "schema_version": 0,
          "attributes": {
            "description": "",
            "direction": "ingress",
            "ethertype": "IPv4",
            "id": "8b79d209-43fd-48bf-9a92-9e50ca32d380",
            "port_range_max": 22,
            "port_range_min": 22,
            "protocol": "tcp",
            "region": "RegionT",
            "remote_group_id": "",
            "remote_ip_prefix": "0.0.0.0/0",
            "security_group_id": "421371d4-9923-4477-855f-f9f0431d7244",
            "tenant_id": "e3760c8456804a0481623553010c8a8a",
            "timeouts": null
          },
          "sensitive_attributes": [],
          "private": "eyJlMmJmYjczMC1lY2FhLTExZTYtOGY4OC0zNDM2M2JjN2M0YzAiOnsiZGVsZXRlIjo2MDAwMDAwMDAwMDB9fQ==",
          "dependencies": [
            "openstack_networking_secgroup_v2.EC_frontend"
          ]
        }
      ]
    },
    {
      "mode": "managed",
      "type": "openstack_networking_secgroup_v2",
      "name": "EC_frontend",
      "provider": "provider[\"registry.terraform.io/terraform-provider-openstack/openstack\"]",
      "instances": [
        {
          "schema_version": 0,
          "attributes": {
            "all_tags": [],
            "delete_default_rules": null,
            "description": "Permitir HTTP, SSH, ICMP e Flask",
            "id": "421371d4-9923-4477-855f-f9f0431d7244",
            "name": "EC_frontend",
            "region": "RegionT",
            "stateful": false,
            "tags": null,
            "tenant_id": "e3760c8456804a0481623553010c8a8a",
            "timeouts": null
          },
          "sensitive_attributes": [],
          "private": "eyJlMmJmYjczMC1lY2FhLTExZTYtOGY4OC0zNDM2M2JjN2M0YzAiOnsiZGVsZXRlIjo2MDAwMDAwMDAwMDB9fQ=="
        }
      ]
    }
  ],
  "check_results": null
}
