{
  "version": 4,
  "terraform_version": "1.11.0",
  "serial": 598,
  "lineage": "983a6de7-4c12-ea92-a83e-f97cde07a68b",
  "outputs": {
    "backend_ips": {
      "value": null,
      "type": "dynamic"
    },
    "database_ip": {
      "value": null,
      "type": "string"
    },
    "frontend_ip": {
      "value": null,
      "type": "string"
    },
    "loadbalancer_ip": {
      "value": null,
      "type": "string"
    }
  },
  "resources": [
    {
      "mode": "data",
      "type": "openstack_networking_network_v2",
      "name": "lb_network",
      "provider": "provider[\"registry.terraform.io/terraform-provider-openstack/openstack\"]",
      "instances": [
        {
          "schema_version": 0,
          "attributes": {
            "admin_state_up": "true",
            "all_tags": [],
            "availability_zone_hints": [],
            "description": "The default network for the project iac-pic",
            "dns_domain": "iac-pic.tp.vps.tecnico.ulisboa.pt.",
            "external": false,
            "id": "46363e0c-a748-4b6e-91de-7b7efc33c979",
            "matching_subnet_cidr": null,
            "mtu": 1500,
            "name": "n-iac-pic",
            "network_id": null,
            "region": "RegionT",
            "segments": [],
            "shared": "false",
            "status": null,
            "subnets": [
              "e6c0cb24-7f3c-4313-891a-d7b4e99d3a23",
              "ee25c657-1616-4a87-b408-283b2d106a3c"
            ],
            "tags": null,
            "tenant_id": "e3760c8456804a0481623553010c8a8a",
            "transparent_vlan": false
          },
          "sensitive_attributes": []
        }
      ]
    },
    {
      "mode": "managed",
      "type": "openstack_compute_keypair_v2",
      "name": "keypair1",
      "provider": "provider[\"registry.terraform.io/terraform-provider-openstack/openstack\"]",
      "instances": [
        {
          "schema_version": 0,
          "attributes": {
            "fingerprint": "bc:d2:82:54:09:44:b0:ad:47:5d:ab:db:1c:6b:30:b3",
            "id": "nellkey",
            "name": "nellkey",
            "private_key": null,
            "public_key": "ssh-rsa AAAAB3NzaC1yc2EAAAADAQABAAACAQCuJOMu0DIZGCGFs+F6SVuGSrh80yG/DUla4k5iIpdURXBBnxl1NiwqepRcfASPAqUuBTNInnKk0VaingRCBWx7RyH3yFg6Py9AgDX9KOhn51OX3GZjg3nNDCrwLGGduhJmfp5MmRoeD+lTh872f497iikDjj33n/VbW7Qraoy22QD142b3rP6mu4ubOwYoqKlOtYpEAX0HUH97G+NAIhEl8auL5I3SD6uP2ghPQM0PyJRqk7EVFGDAu//rNQISFahTJJg7TGzLH5lYUsFAoD+50A9oggU8u9MPWAWGZGYZYRHTtUHoU5wfnOntD/q/dQ0v1oEAJPq4GoWpHAyLSgVTM6oqAEqEl5j8/hn5krRwCTmK9cLqq3/ZJjKodjTsCQ97QURUsc8kC5MfgLxZPJmcuyE6eA/HU+boUdWGW7DsFhmxObYF1KGfMfPtvZj7XflHhhmZv/FtrcUbaE6mwFsTCkYOp0r24NhPxVPqAdnYLM8HNOhDtxSe7EB5Y68JHN7Xlch6omJjTXn2xo+6i5rdrxqSdKDQhve9kCozp6oaLVzuDeoiEUUafrj/FakHB4XwAeXBa22nErK+nyR7ACEmViLLakZOlEiwdjkL/gkawN8mUwwnjswWEXg0qE8PymqfB3cbvsZdJX9r3J+bxmJk52U6dSZY2bTj/8jnQP5jFQ== nelmajandrade@tecnico.ulisboa.pt\n",
            "region": "RegionT",
            "user_id": null,
            "value_specs": null
          },
          "sensitive_attributes": [
            [
              {
                "type": "get_attr",
                "value": "private_key"
              }
            ]
          ],
          "private": "eyJzY2hlbWFfdmVyc2lvbiI6IjAifQ=="
        }
      ]
    },
    {
      "mode": "managed",
      "type": "openstack_networking_secgroup_rule_v2",
      "name": "backend_db_ingress",
      "provider": "provider[\"registry.terraform.io/terraform-provider-openstack/openstack\"]",
      "instances": [
        {
          "schema_version": 0,
          "attributes": {
            "description": "",
            "direction": "ingress",
            "ethertype": "IPv4",
            "id": "7a758a7c-b599-4e5a-919a-29046bf9cd40",
            "port_range_max": 5432,
            "port_range_min": 5432,
            "protocol": "tcp",
            "region": "RegionT",
            "remote_group_id": "",
            "remote_ip_prefix": "0.0.0.0/0",
            "security_group_id": "a81d0e22-eaf7-4403-aaa6-37d3dc17f401",
            "tenant_id": "e3760c8456804a0481623553010c8a8a",
            "timeouts": null
          },
          "sensitive_attributes": [],
          "private": "eyJlMmJmYjczMC1lY2FhLTExZTYtOGY4OC0zNDM2M2JjN2M0YzAiOnsiZGVsZXRlIjo2MDAwMDAwMDAwMDB9fQ==",
          "dependencies": [
            "openstack_networking_secgroup_v2.ServerEC_Backend"
          ]
        }
      ]
    },
    {
      "mode": "managed",
      "type": "openstack_networking_secgroup_rule_v2",
      "name": "backend_http",
      "provider": "provider[\"registry.terraform.io/terraform-provider-openstack/openstack\"]",
      "instances": [
        {
          "schema_version": 0,
          "attributes": {
            "description": "",
            "direction": "ingress",
            "ethertype": "IPv4",
            "id": "95cae48f-309f-4a62-8c28-78d702539b6c",
            "port_range_max": 5000,
            "port_range_min": 5000,
            "protocol": "tcp",
            "region": "RegionT",
            "remote_group_id": "",
            "remote_ip_prefix": "0.0.0.0/0",
            "security_group_id": "a81d0e22-eaf7-4403-aaa6-37d3dc17f401",
            "tenant_id": "e3760c8456804a0481623553010c8a8a",
            "timeouts": null
          },
          "sensitive_attributes": [],
          "private": "eyJlMmJmYjczMC1lY2FhLTExZTYtOGY4OC0zNDM2M2JjN2M0YzAiOnsiZGVsZXRlIjo2MDAwMDAwMDAwMDB9fQ==",
          "dependencies": [
            "openstack_networking_secgroup_v2.ServerEC_Backend"
          ]
        }
      ]
    },
    {
      "mode": "managed",
      "type": "openstack_networking_secgroup_rule_v2",
      "name": "backend_icmp",
      "provider": "provider[\"registry.terraform.io/terraform-provider-openstack/openstack\"]",
      "instances": [
        {
          "schema_version": 0,
          "attributes": {
            "description": "",
            "direction": "ingress",
            "ethertype": "IPv4",
            "id": "0a170acf-f8d1-4a80-b3ce-00e504c7f9bc",
            "port_range_max": 0,
            "port_range_min": 0,
            "protocol": "icmp",
            "region": "RegionT",
            "remote_group_id": "",
            "remote_ip_prefix": "0.0.0.0/0",
            "security_group_id": "a81d0e22-eaf7-4403-aaa6-37d3dc17f401",
            "tenant_id": "e3760c8456804a0481623553010c8a8a",
            "timeouts": null
          },
          "sensitive_attributes": [],
          "private": "eyJlMmJmYjczMC1lY2FhLTExZTYtOGY4OC0zNDM2M2JjN2M0YzAiOnsiZGVsZXRlIjo2MDAwMDAwMDAwMDB9fQ==",
          "dependencies": [
            "openstack_networking_secgroup_v2.ServerEC_Backend"
          ]
        }
      ]
    },
    {
      "mode": "managed",
      "type": "openstack_networking_secgroup_rule_v2",
      "name": "backend_ssh",
      "provider": "provider[\"registry.terraform.io/terraform-provider-openstack/openstack\"]",
      "instances": [
        {
          "schema_version": 0,
          "attributes": {
            "description": "",
            "direction": "ingress",
            "ethertype": "IPv4",
            "id": "a9a572f4-70ea-4b70-b067-8d53f7efcf57",
            "port_range_max": 22,
            "port_range_min": 22,
            "protocol": "tcp",
            "region": "RegionT",
            "remote_group_id": "",
            "remote_ip_prefix": "0.0.0.0/0",
            "security_group_id": "a81d0e22-eaf7-4403-aaa6-37d3dc17f401",
            "tenant_id": "e3760c8456804a0481623553010c8a8a",
            "timeouts": null
          },
          "sensitive_attributes": [],
          "private": "eyJlMmJmYjczMC1lY2FhLTExZTYtOGY4OC0zNDM2M2JjN2M0YzAiOnsiZGVsZXRlIjo2MDAwMDAwMDAwMDB9fQ==",
          "dependencies": [
            "openstack_networking_secgroup_v2.ServerEC_Backend"
          ]
        }
      ]
    },
    {
      "mode": "managed",
      "type": "openstack_networking_secgroup_rule_v2",
      "name": "db_icmp",
      "provider": "provider[\"registry.terraform.io/terraform-provider-openstack/openstack\"]",
      "instances": [
        {
          "schema_version": 0,
          "attributes": {
            "description": "",
            "direction": "ingress",
            "ethertype": "IPv4",
            "id": "1b9cfd4d-d9ee-49ea-a362-597043c0a7f8",
            "port_range_max": 0,
            "port_range_min": 0,
            "protocol": "icmp",
            "region": "RegionT",
            "remote_group_id": "",
            "remote_ip_prefix": "0.0.0.0/0",
            "security_group_id": "814b7fdd-2d2d-4e12-af85-96a20b0b6c02",
            "tenant_id": "e3760c8456804a0481623553010c8a8a",
            "timeouts": null
          },
          "sensitive_attributes": [],
          "private": "eyJlMmJmYjczMC1lY2FhLTExZTYtOGY4OC0zNDM2M2JjN2M0YzAiOnsiZGVsZXRlIjo2MDAwMDAwMDAwMDB9fQ==",
          "dependencies": [
            "openstack_networking_secgroup_v2.EC_Database"
          ]
        }
      ]
    },
    {
      "mode": "managed",
      "type": "openstack_networking_secgroup_rule_v2",
      "name": "db_postgres",
      "provider": "provider[\"registry.terraform.io/terraform-provider-openstack/openstack\"]",
      "instances": [
        {
          "schema_version": 0,
          "attributes": {
            "description": "",
            "direction": "ingress",
            "ethertype": "IPv4",
            "id": "853f0847-1375-4215-9539-466ed8626036",
            "port_range_max": 5432,
            "port_range_min": 5432,
            "protocol": "tcp",
            "region": "RegionT",
            "remote_group_id": "",
            "remote_ip_prefix": "0.0.0.0/0",
            "security_group_id": "814b7fdd-2d2d-4e12-af85-96a20b0b6c02",
            "tenant_id": "e3760c8456804a0481623553010c8a8a",
            "timeouts": null
          },
          "sensitive_attributes": [],
          "private": "eyJlMmJmYjczMC1lY2FhLTExZTYtOGY4OC0zNDM2M2JjN2M0YzAiOnsiZGVsZXRlIjo2MDAwMDAwMDAwMDB9fQ==",
          "dependencies": [
            "openstack_networking_secgroup_v2.EC_Database"
          ]
        }
      ]
    },
    {
      "mode": "managed",
      "type": "openstack_networking_secgroup_rule_v2",
      "name": "db_ssh",
      "provider": "provider[\"registry.terraform.io/terraform-provider-openstack/openstack\"]",
      "instances": [
        {
          "schema_version": 0,
          "attributes": {
            "description": "",
            "direction": "ingress",
            "ethertype": "IPv4",
            "id": "51a21a6e-d4cc-4179-93fa-7bc8cbfe0c80",
            "port_range_max": 22,
            "port_range_min": 22,
            "protocol": "tcp",
            "region": "RegionT",
            "remote_group_id": "",
            "remote_ip_prefix": "0.0.0.0/0",
            "security_group_id": "814b7fdd-2d2d-4e12-af85-96a20b0b6c02",
            "tenant_id": "e3760c8456804a0481623553010c8a8a",
            "timeouts": null
          },
          "sensitive_attributes": [],
          "private": "eyJlMmJmYjczMC1lY2FhLTExZTYtOGY4OC0zNDM2M2JjN2M0YzAiOnsiZGVsZXRlIjo2MDAwMDAwMDAwMDB9fQ==",
          "dependencies": [
            "openstack_networking_secgroup_v2.EC_Database"
          ]
        }
      ]
    },
    {
      "mode": "managed",
      "type": "openstack_networking_secgroup_rule_v2",
      "name": "flask",
      "provider": "provider[\"registry.terraform.io/terraform-provider-openstack/openstack\"]",
      "instances": [
        {
          "schema_version": 0,
          "attributes": {
            "description": "",
            "direction": "ingress",
            "ethertype": "IPv4",
            "id": "c3d2618f-50dd-4549-a714-8223e6cc2a26",
            "port_range_max": 5000,
            "port_range_min": 5000,
            "protocol": "tcp",
            "region": "RegionT",
            "remote_group_id": "",
            "remote_ip_prefix": "0.0.0.0/0",
            "security_group_id": "94112f6c-3291-45ed-94a5-5ae591b548c2",
            "tenant_id": "e3760c8456804a0481623553010c8a8a",
            "timeouts": null
          },
          "sensitive_attributes": [],
          "private": "eyJlMmJmYjczMC1lY2FhLTExZTYtOGY4OC0zNDM2M2JjN2M0YzAiOnsiZGVsZXRlIjo2MDAwMDAwMDAwMDB9fQ==",
          "dependencies": [
            "openstack_networking_secgroup_v2.EC_frontend"
          ]
        }
      ]
    },
    {
      "mode": "managed",
      "type": "openstack_networking_secgroup_rule_v2",
      "name": "http",
      "provider": "provider[\"registry.terraform.io/terraform-provider-openstack/openstack\"]",
      "instances": [
        {
          "schema_version": 0,
          "attributes": {
            "description": "",
            "direction": "ingress",
            "ethertype": "IPv4",
            "id": "e160d4c0-496b-49af-be5b-d63d7a2be188",
            "port_range_max": 80,
            "port_range_min": 80,
            "protocol": "tcp",
            "region": "RegionT",
            "remote_group_id": "",
            "remote_ip_prefix": "0.0.0.0/0",
            "security_group_id": "94112f6c-3291-45ed-94a5-5ae591b548c2",
            "tenant_id": "e3760c8456804a0481623553010c8a8a",
            "timeouts": null
          },
          "sensitive_attributes": [],
          "private": "eyJlMmJmYjczMC1lY2FhLTExZTYtOGY4OC0zNDM2M2JjN2M0YzAiOnsiZGVsZXRlIjo2MDAwMDAwMDAwMDB9fQ==",
          "dependencies": [
            "openstack_networking_secgroup_v2.EC_frontend"
          ]
        }
      ]
    },
    {
      "mode": "managed",
      "type": "openstack_networking_secgroup_rule_v2",
      "name": "icmp",
      "provider": "provider[\"registry.terraform.io/terraform-provider-openstack/openstack\"]",
      "instances": [
        {
          "schema_version": 0,
          "attributes": {
            "description": "",
            "direction": "ingress",
            "ethertype": "IPv4",
            "id": "aff735ab-305a-4625-9099-742116f84a05",
            "port_range_max": 0,
            "port_range_min": 0,
            "protocol": "icmp",
            "region": "RegionT",
            "remote_group_id": "",
            "remote_ip_prefix": "0.0.0.0/0",
            "security_group_id": "94112f6c-3291-45ed-94a5-5ae591b548c2",
            "tenant_id": "e3760c8456804a0481623553010c8a8a",
            "timeouts": null
          },
          "sensitive_attributes": [],
          "private": "eyJlMmJmYjczMC1lY2FhLTExZTYtOGY4OC0zNDM2M2JjN2M0YzAiOnsiZGVsZXRlIjo2MDAwMDAwMDAwMDB9fQ==",
          "dependencies": [
            "openstack_networking_secgroup_v2.EC_frontend"
          ]
        }
      ]
    },
    {
      "mode": "managed",
      "type": "openstack_networking_secgroup_rule_v2",
      "name": "manual_lb_http",
      "provider": "provider[\"registry.terraform.io/terraform-provider-openstack/openstack\"]",
      "instances": [
        {
          "schema_version": 0,
          "attributes": {
            "description": "",
            "direction": "ingress",
            "ethertype": "IPv4",
            "id": "7d7d9eba-e17d-46a3-a18d-aaf1c88963c8",
            "port_range_max": 80,
            "port_range_min": 80,
            "protocol": "tcp",
            "region": "RegionT",
            "remote_group_id": "",
            "remote_ip_prefix": "0.0.0.0/0",
            "security_group_id": "346aab1c-67ab-402b-9128-5c50244607ad",
            "tenant_id": "e3760c8456804a0481623553010c8a8a",
            "timeouts": null
          },
          "sensitive_attributes": [],
          "private": "eyJlMmJmYjczMC1lY2FhLTExZTYtOGY4OC0zNDM2M2JjN2M0YzAiOnsiZGVsZXRlIjo2MDAwMDAwMDAwMDB9fQ==",
          "dependencies": [
            "openstack_networking_secgroup_v2.manual_lb_sg"
          ]
        }
      ]
    },
    {
      "mode": "managed",
      "type": "openstack_networking_secgroup_rule_v2",
      "name": "manual_lb_ssh",
      "provider": "provider[\"registry.terraform.io/terraform-provider-openstack/openstack\"]",
      "instances": [
        {
          "schema_version": 0,
          "attributes": {
            "description": "",
            "direction": "ingress",
            "ethertype": "IPv4",
            "id": "9fa40409-a0a4-467a-8bb6-e28e2e582c58",
            "port_range_max": 22,
            "port_range_min": 22,
            "protocol": "tcp",
            "region": "RegionT",
            "remote_group_id": "",
            "remote_ip_prefix": "0.0.0.0/0",
            "security_group_id": "346aab1c-67ab-402b-9128-5c50244607ad",
            "tenant_id": "e3760c8456804a0481623553010c8a8a",
            "timeouts": null
          },
          "sensitive_attributes": [],
          "private": "eyJlMmJmYjczMC1lY2FhLTExZTYtOGY4OC0zNDM2M2JjN2M0YzAiOnsiZGVsZXRlIjo2MDAwMDAwMDAwMDB9fQ==",
          "dependencies": [
            "openstack_networking_secgroup_v2.manual_lb_sg"
          ]
        }
      ]
    },
    {
      "mode": "managed",
      "type": "openstack_networking_secgroup_rule_v2",
      "name": "ssh",
      "provider": "provider[\"registry.terraform.io/terraform-provider-openstack/openstack\"]",
      "instances": [
        {
          "schema_version": 0,
          "attributes": {
            "description": "",
            "direction": "ingress",
            "ethertype": "IPv4",
            "id": "8bf23791-af6e-4b60-8777-d5831aa51e47",
            "port_range_max": 22,
            "port_range_min": 22,
            "protocol": "tcp",
            "region": "RegionT",
            "remote_group_id": "",
            "remote_ip_prefix": "0.0.0.0/0",
            "security_group_id": "94112f6c-3291-45ed-94a5-5ae591b548c2",
            "tenant_id": "e3760c8456804a0481623553010c8a8a",
            "timeouts": null
          },
          "sensitive_attributes": [],
          "private": "eyJlMmJmYjczMC1lY2FhLTExZTYtOGY4OC0zNDM2M2JjN2M0YzAiOnsiZGVsZXRlIjo2MDAwMDAwMDAwMDB9fQ==",
          "dependencies": [
            "openstack_networking_secgroup_v2.EC_frontend"
          ]
        }
      ]
    },
    {
      "mode": "managed",
      "type": "openstack_networking_secgroup_v2",
      "name": "EC_Database",
      "provider": "provider[\"registry.terraform.io/terraform-provider-openstack/openstack\"]",
      "instances": [
        {
          "schema_version": 0,
          "attributes": {
            "all_tags": [],
            "delete_default_rules": null,
            "description": "Permitir SSH, ICMP e acesso PostgreSQL",
            "id": "814b7fdd-2d2d-4e12-af85-96a20b0b6c02",
            "name": "EC_Database",
            "region": "RegionT",
            "stateful": false,
            "tags": null,
            "tenant_id": "e3760c8456804a0481623553010c8a8a",
            "timeouts": null
          },
          "sensitive_attributes": [],
          "private": "eyJlMmJmYjczMC1lY2FhLTExZTYtOGY4OC0zNDM2M2JjN2M0YzAiOnsiZGVsZXRlIjo2MDAwMDAwMDAwMDB9fQ=="
        }
      ]
    },
    {
      "mode": "managed",
      "type": "openstack_networking_secgroup_v2",
      "name": "EC_frontend",
      "provider": "provider[\"registry.terraform.io/terraform-provider-openstack/openstack\"]",
      "instances": [
        {
          "schema_version": 0,
          "attributes": {
            "all_tags": [],
            "delete_default_rules": null,
            "description": "Permitir HTTP, SSH, ICMP e Flask",
            "id": "94112f6c-3291-45ed-94a5-5ae591b548c2",
            "name": "EC_frontend",
            "region": "RegionT",
            "stateful": false,
            "tags": null,
            "tenant_id": "e3760c8456804a0481623553010c8a8a",
            "timeouts": null
          },
          "sensitive_attributes": [],
          "private": "eyJlMmJmYjczMC1lY2FhLTExZTYtOGY4OC0zNDM2M2JjN2M0YzAiOnsiZGVsZXRlIjo2MDAwMDAwMDAwMDB9fQ=="
        }
      ]
    },
    {
      "mode": "managed",
      "type": "openstack_networking_secgroup_v2",
      "name": "ServerEC_Backend",
      "provider": "provider[\"registry.terraform.io/terraform-provider-openstack/openstack\"]",
      "instances": [
        {
          "schema_version": 0,
          "attributes": {
            "all_tags": [],
            "delete_default_rules": null,
            "description": "Permitir HTTP (5000), SSH, ICMP e acesso ao banco de dados (5432)",
            "id": "a81d0e22-eaf7-4403-aaa6-37d3dc17f401",
            "name": "ServerEC_Backend",
            "region": "RegionT",
            "stateful": false,
            "tags": null,
            "tenant_id": "e3760c8456804a0481623553010c8a8a",
            "timeouts": null
          },
          "sensitive_attributes": [],
          "private": "eyJlMmJmYjczMC1lY2FhLTExZTYtOGY4OC0zNDM2M2JjN2M0YzAiOnsiZGVsZXRlIjo2MDAwMDAwMDAwMDB9fQ=="
        }
      ]
    },
    {
      "mode": "managed",
      "type": "openstack_networking_secgroup_v2",
      "name": "manual_lb_sg",
      "provider": "provider[\"registry.terraform.io/terraform-provider-openstack/openstack\"]",
      "instances": [
        {
          "schema_version": 0,
          "attributes": {
            "all_tags": [],
            "delete_default_rules": null,
            "description": "Permitir HTTP (5000) e SSH para o load balancer",
            "id": "346aab1c-67ab-402b-9128-5c50244607ad",
            "name": "manual-lb-sg",
            "region": "RegionT",
            "stateful": false,
            "tags": null,
            "tenant_id": "e3760c8456804a0481623553010c8a8a",
            "timeouts": null
          },
          "sensitive_attributes": [],
          "private": "eyJlMmJmYjczMC1lY2FhLTExZTYtOGY4OC0zNDM2M2JjN2M0YzAiOnsiZGVsZXRlIjo2MDAwMDAwMDAwMDB9fQ=="
        }
      ]
    }
  ],
  "check_results": null
}
